// !$*UTF8*$!
{
	archiveVersion = 1;
	classes = {
	};
	objectVersion = 46;
	objects = {

/* Begin PBXBuildFile section */
		DC89D2B11B82007700C89C5E /* CHLookAhead.swift in Sources */ = {isa = PBXBuildFile; fileRef = DC89D2B01B82007700C89C5E /* CHLookAhead.swift */; };
		DC89D2B31B8200D600C89C5E /* CHScanner.swift in Sources */ = {isa = PBXBuildFile; fileRef = DC89D2B21B8200D600C89C5E /* CHScanner.swift */; };
		DC89D2B51B82031000C89C5E /* CHOBD2Parser.swift in Sources */ = {isa = PBXBuildFile; fileRef = DC89D2B41B82031000C89C5E /* CHOBD2Parser.swift */; };
		DC89D2B71B8205C700C89C5E /* CHOBD2ParserRule.swift in Sources */ = {isa = PBXBuildFile; fileRef = DC89D2B61B8205C700C89C5E /* CHOBD2ParserRule.swift */; };
		DC89D2B91B82064100C89C5E /* CHCarBridgeConnector.swift in Sources */ = {isa = PBXBuildFile; fileRef = DC89D2B81B82064100C89C5E /* CHCarBridgeConnector.swift */; };
		DC89D2BD1B821D4F00C89C5E /* CHOBD2.swift in Sources */ = {isa = PBXBuildFile; fileRef = DC89D2BC1B821D4F00C89C5E /* CHOBD2.swift */; };
		DCC067851D7DB2A200D5B4B3 /* CHBLEConnector.swift in Sources */ = {isa = PBXBuildFile; fileRef = DCC067841D7DB2A200D5B4B3 /* CHBLEConnector.swift */; };
		F1B9B2861B656AF700856A00 /* CHSecondaryDisplayController.swift in Sources */ = {isa = PBXBuildFile; fileRef = F1B9B2851B656AF700856A00 /* CHSecondaryDisplayController.swift */; };
		F1B9B28D1B656D5B00856A00 /* CHSpeedLimitDisplayController.swift in Sources */ = {isa = PBXBuildFile; fileRef = F1B9B28C1B656D5B00856A00 /* CHSpeedLimitDisplayController.swift */; };
		F1B9B28F1B656D7200856A00 /* CHPowerDisplayController.swift in Sources */ = {isa = PBXBuildFile; fileRef = F1B9B28E1B656D7200856A00 /* CHPowerDisplayController.swift */; };
		F1B9B2911B656D7E00856A00 /* CHEngineDisplayController.swift in Sources */ = {isa = PBXBuildFile; fileRef = F1B9B2901B656D7E00856A00 /* CHEngineDisplayController.swift */; };
		F1B9B2931B656D8B00856A00 /* CHFuelDisplayController.swift in Sources */ = {isa = PBXBuildFile; fileRef = F1B9B2921B656D8B00856A00 /* CHFuelDisplayController.swift */; };
		F1B9B2961B65703900856A00 /* CHSecondaryDisplay.swift in Sources */ = {isa = PBXBuildFile; fileRef = F1B9B2951B65703900856A00 /* CHSecondaryDisplay.swift */; };
		F1E176791B645F820061C905 /* AppDelegate.swift in Sources */ = {isa = PBXBuildFile; fileRef = F1E176781B645F820061C905 /* AppDelegate.swift */; };
		F1E1767E1B645F820061C905 /* Main.storyboard in Resources */ = {isa = PBXBuildFile; fileRef = F1E1767C1B645F820061C905 /* Main.storyboard */; };
		F1E176801B645F820061C905 /* Images.xcassets in Resources */ = {isa = PBXBuildFile; fileRef = F1E1767F1B645F820061C905 /* Images.xcassets */; };
		F1E176831B645F820061C905 /* LaunchScreen.xib in Resources */ = {isa = PBXBuildFile; fileRef = F1E176811B645F820061C905 /* LaunchScreen.xib */; };
		F1E1768F1B645F820061C905 /* CarHudTests.swift in Sources */ = {isa = PBXBuildFile; fileRef = F1E1768E1B645F820061C905 /* CarHudTests.swift */; };
		F1E1769C1B64E0120061C905 /* CHGaugeView.swift in Sources */ = {isa = PBXBuildFile; fileRef = F1E1769B1B64E0120061C905 /* CHGaugeView.swift */; };
/* End PBXBuildFile section */

/* Begin PBXContainerItemProxy section */
		F1E176891B645F820061C905 /* PBXContainerItemProxy */ = {
			isa = PBXContainerItemProxy;
			containerPortal = F1E1766B1B645F820061C905 /* Project object */;
			proxyType = 1;
			remoteGlobalIDString = F1E176721B645F820061C905;
			remoteInfo = CarHud;
		};
/* End PBXContainerItemProxy section */

/* Begin PBXFileReference section */
		DC89D2B01B82007700C89C5E /* CHLookAhead.swift */ = {isa = PBXFileReference; fileEncoding = 4; lastKnownFileType = sourcecode.swift; path = CHLookAhead.swift; sourceTree = "<group>"; };
		DC89D2B21B8200D600C89C5E /* CHScanner.swift */ = {isa = PBXFileReference; fileEncoding = 4; lastKnownFileType = sourcecode.swift; path = CHScanner.swift; sourceTree = "<group>"; };
		DC89D2B41B82031000C89C5E /* CHOBD2Parser.swift */ = {isa = PBXFileReference; fileEncoding = 4; lastKnownFileType = sourcecode.swift; path = CHOBD2Parser.swift; sourceTree = "<group>"; };
		DC89D2B61B8205C700C89C5E /* CHOBD2ParserRule.swift */ = {isa = PBXFileReference; fileEncoding = 4; lastKnownFileType = sourcecode.swift; path = CHOBD2ParserRule.swift; sourceTree = "<group>"; };
		DC89D2B81B82064100C89C5E /* CHCarBridgeConnector.swift */ = {isa = PBXFileReference; fileEncoding = 4; lastKnownFileType = sourcecode.swift; path = CHCarBridgeConnector.swift; sourceTree = "<group>"; };
		DC89D2BC1B821D4F00C89C5E /* CHOBD2.swift */ = {isa = PBXFileReference; fileEncoding = 4; lastKnownFileType = sourcecode.swift; path = CHOBD2.swift; sourceTree = "<group>"; };
		DCA254BB1D7A21280000D308 /* CarHud-Bridging-Header.h */ = {isa = PBXFileReference; lastKnownFileType = sourcecode.c.h; path = "CarHud-Bridging-Header.h"; sourceTree = "<group>"; };
		DCA254BD1D7A21290000D308 /* OBD2_PIDs.h */ = {isa = PBXFileReference; fileEncoding = 4; lastKnownFileType = sourcecode.c.h; name = OBD2_PIDs.h; path = CarBridge/OBD2_PIDs.h; sourceTree = "<group>"; };
		DCC067841D7DB2A200D5B4B3 /* CHBLEConnector.swift */ = {isa = PBXFileReference; fileEncoding = 4; lastKnownFileType = sourcecode.swift; path = CHBLEConnector.swift; sourceTree = "<group>"; };
		DCC067871D7DB2DC00D5B4B3 /* BLE.h */ = {isa = PBXFileReference; lastKnownFileType = sourcecode.c.h; name = BLE.h; path = CarBridge/BLE.h; sourceTree = "<group>"; };
		DCC067881D7DB2E900D5B4B3 /* Commands.h */ = {isa = PBXFileReference; lastKnownFileType = sourcecode.c.h; name = Commands.h; path = CarBridge/Commands.h; sourceTree = "<group>"; };
		F1B9B2851B656AF700856A00 /* CHSecondaryDisplayController.swift */ = {isa = PBXFileReference; fileEncoding = 4; lastKnownFileType = sourcecode.swift; path = CHSecondaryDisplayController.swift; sourceTree = "<group>"; };
		F1B9B28C1B656D5B00856A00 /* CHSpeedLimitDisplayController.swift */ = {isa = PBXFileReference; fileEncoding = 4; lastKnownFileType = sourcecode.swift; path = CHSpeedLimitDisplayController.swift; sourceTree = "<group>"; };
		F1B9B28E1B656D7200856A00 /* CHPowerDisplayController.swift */ = {isa = PBXFileReference; fileEncoding = 4; lastKnownFileType = sourcecode.swift; path = CHPowerDisplayController.swift; sourceTree = "<group>"; };
		F1B9B2901B656D7E00856A00 /* CHEngineDisplayController.swift */ = {isa = PBXFileReference; fileEncoding = 4; lastKnownFileType = sourcecode.swift; path = CHEngineDisplayController.swift; sourceTree = "<group>"; };
		F1B9B2921B656D8B00856A00 /* CHFuelDisplayController.swift */ = {isa = PBXFileReference; fileEncoding = 4; lastKnownFileType = sourcecode.swift; path = CHFuelDisplayController.swift; sourceTree = "<group>"; };
		F1B9B2951B65703900856A00 /* CHSecondaryDisplay.swift */ = {isa = PBXFileReference; fileEncoding = 4; lastKnownFileType = sourcecode.swift; path = CHSecondaryDisplay.swift; sourceTree = "<group>"; };
		F1E176731B645F820061C905 /* CarHud.app */ = {isa = PBXFileReference; explicitFileType = wrapper.application; includeInIndex = 0; path = CarHud.app; sourceTree = BUILT_PRODUCTS_DIR; };
		F1E176771B645F820061C905 /* Info.plist */ = {isa = PBXFileReference; lastKnownFileType = text.plist.xml; path = Info.plist; sourceTree = "<group>"; };
		F1E176781B645F820061C905 /* AppDelegate.swift */ = {isa = PBXFileReference; lastKnownFileType = sourcecode.swift; path = AppDelegate.swift; sourceTree = "<group>"; };
		F1E1767D1B645F820061C905 /* Base */ = {isa = PBXFileReference; lastKnownFileType = file.storyboard; name = Base; path = Base.lproj/Main.storyboard; sourceTree = "<group>"; };
		F1E1767F1B645F820061C905 /* Images.xcassets */ = {isa = PBXFileReference; lastKnownFileType = folder.assetcatalog; path = Images.xcassets; sourceTree = "<group>"; };
		F1E176821B645F820061C905 /* Base */ = {isa = PBXFileReference; lastKnownFileType = file.xib; name = Base; path = Base.lproj/LaunchScreen.xib; sourceTree = "<group>"; };
		F1E176881B645F820061C905 /* CarHudTests.xctest */ = {isa = PBXFileReference; explicitFileType = wrapper.cfbundle; includeInIndex = 0; path = CarHudTests.xctest; sourceTree = BUILT_PRODUCTS_DIR; };
		F1E1768D1B645F820061C905 /* Info.plist */ = {isa = PBXFileReference; lastKnownFileType = text.plist.xml; path = Info.plist; sourceTree = "<group>"; };
		F1E1768E1B645F820061C905 /* CarHudTests.swift */ = {isa = PBXFileReference; lastKnownFileType = sourcecode.swift; path = CarHudTests.swift; sourceTree = "<group>"; };
		F1E1769B1B64E0120061C905 /* CHGaugeView.swift */ = {isa = PBXFileReference; fileEncoding = 4; lastKnownFileType = sourcecode.swift; path = CHGaugeView.swift; sourceTree = "<group>"; };
/* End PBXFileReference section */

/* Begin PBXFrameworksBuildPhase section */
		F1E176701B645F820061C905 /* Frameworks */ = {
			isa = PBXFrameworksBuildPhase;
			buildActionMask = 2147483647;
			files = (
			);
			runOnlyForDeploymentPostprocessing = 0;
		};
		F1E176851B645F820061C905 /* Frameworks */ = {
			isa = PBXFrameworksBuildPhase;
			buildActionMask = 2147483647;
			files = (
			);
			runOnlyForDeploymentPostprocessing = 0;
		};
/* End PBXFrameworksBuildPhase section */

/* Begin PBXGroup section */
		DC89D2AA1B81FFAB00C89C5E /* Core */ = {
			isa = PBXGroup;
			children = (
				DC89D2AB1B81FFB400C89C5E /* CarBridge */,
			);
			name = Core;
			sourceTree = "<group>";
		};
		DC89D2AB1B81FFB400C89C5E /* CarBridge */ = {
			isa = PBXGroup;
			children = (
				DCA254BD1D7A21290000D308 /* OBD2_PIDs.h */,
				DC89D2BC1B821D4F00C89C5E /* CHOBD2.swift */,
				DC89D2B81B82064100C89C5E /* CHCarBridgeConnector.swift */,
				DCC067861D7DB2B500D5B4B3 /* BLE */,
				DC89D2AD1B81FFD700C89C5E /* Parser */,
				DC89D2AC1B81FFC700C89C5E /* Scanner */,
				DCA254BB1D7A21280000D308 /* CarHud-Bridging-Header.h */,
			);
			name = CarBridge;
			sourceTree = "<group>";
		};
		DC89D2AC1B81FFC700C89C5E /* Scanner */ = {
			isa = PBXGroup;
			children = (
				DC89D2B21B8200D600C89C5E /* CHScanner.swift */,
				DC89D2B01B82007700C89C5E /* CHLookAhead.swift */,
			);
			name = Scanner;
			sourceTree = "<group>";
		};
		DC89D2AD1B81FFD700C89C5E /* Parser */ = {
			isa = PBXGroup;
			children = (
				DC89D2B41B82031000C89C5E /* CHOBD2Parser.swift */,
				DC89D2B61B8205C700C89C5E /* CHOBD2ParserRule.swift */,
			);
			name = Parser;
			sourceTree = "<group>";
		};
		DCC067861D7DB2B500D5B4B3 /* BLE */ = {
			isa = PBXGroup;
			children = (
				DCC067881D7DB2E900D5B4B3 /* Commands.h */,
				DCC067871D7DB2DC00D5B4B3 /* BLE.h */,
				DCC067841D7DB2A200D5B4B3 /* CHBLEConnector.swift */,
			);
			name = BLE;
			sourceTree = "<group>";
		};
		F1B9B2841B656AC200856A00 /* Controllers */ = {
			isa = PBXGroup;
			children = (
				F1B9B2871B656CC100856A00 /* SecondaryDisplays */,
			);
			name = Controllers;
			sourceTree = "<group>";
		};
		F1B9B2871B656CC100856A00 /* SecondaryDisplays */ = {
			isa = PBXGroup;
			children = (
				F1B9B2851B656AF700856A00 /* CHSecondaryDisplayController.swift */,
				F1B9B2941B656F9B00856A00 /* Displays */,
			);
			name = SecondaryDisplays;
			sourceTree = "<group>";
		};
		F1B9B2881B656CDB00856A00 /* FuelDisplay */ = {
			isa = PBXGroup;
			children = (
				F1B9B2921B656D8B00856A00 /* CHFuelDisplayController.swift */,
			);
			name = FuelDisplay;
			sourceTree = "<group>";
		};
		F1B9B2891B656CDE00856A00 /* EngineDisplay */ = {
			isa = PBXGroup;
			children = (
				F1B9B2901B656D7E00856A00 /* CHEngineDisplayController.swift */,
			);
			name = EngineDisplay;
			sourceTree = "<group>";
		};
		F1B9B28A1B656CE100856A00 /* PowerDisplay */ = {
			isa = PBXGroup;
			children = (
				F1B9B28E1B656D7200856A00 /* CHPowerDisplayController.swift */,
			);
			name = PowerDisplay;
			sourceTree = "<group>";
		};
		F1B9B28B1B656D2700856A00 /* SpeedLimitDisplay */ = {
			isa = PBXGroup;
			children = (
				F1B9B28C1B656D5B00856A00 /* CHSpeedLimitDisplayController.swift */,
			);
			name = SpeedLimitDisplay;
			sourceTree = "<group>";
		};
		F1B9B2941B656F9B00856A00 /* Displays */ = {
			isa = PBXGroup;
			children = (
				F1B9B2951B65703900856A00 /* CHSecondaryDisplay.swift */,
				F1B9B28B1B656D2700856A00 /* SpeedLimitDisplay */,
				F1B9B28A1B656CE100856A00 /* PowerDisplay */,
				F1B9B2891B656CDE00856A00 /* EngineDisplay */,
				F1B9B2881B656CDB00856A00 /* FuelDisplay */,
			);
			name = Displays;
			sourceTree = "<group>";
		};
		F1E1766A1B645F820061C905 = {
			isa = PBXGroup;
			children = (
				F1E176751B645F820061C905 /* CarHud */,
				F1E1768B1B645F820061C905 /* CarHudTests */,
				F1E176741B645F820061C905 /* Products */,
			);
			sourceTree = "<group>";
		};
		F1E176741B645F820061C905 /* Products */ = {
			isa = PBXGroup;
			children = (
				F1E176731B645F820061C905 /* CarHud.app */,
				F1E176881B645F820061C905 /* CarHudTests.xctest */,
			);
			name = Products;
			sourceTree = "<group>";
		};
		F1E176751B645F820061C905 /* CarHud */ = {
			isa = PBXGroup;
			children = (
				DC89D2AA1B81FFAB00C89C5E /* Core */,
				F1E176981B64DFCE0061C905 /* Views */,
				F1B9B2841B656AC200856A00 /* Controllers */,
				F1E176781B645F820061C905 /* AppDelegate.swift */,
				F1E1767C1B645F820061C905 /* Main.storyboard */,
				F1E1767F1B645F820061C905 /* Images.xcassets */,
				F1E176811B645F820061C905 /* LaunchScreen.xib */,
				F1E176761B645F820061C905 /* Supporting Files */,
			);
			path = CarHud;
			sourceTree = "<group>";
		};
		F1E176761B645F820061C905 /* Supporting Files */ = {
			isa = PBXGroup;
			children = (
				F1E176771B645F820061C905 /* Info.plist */,
			);
			name = "Supporting Files";
			sourceTree = "<group>";
		};
		F1E1768B1B645F820061C905 /* CarHudTests */ = {
			isa = PBXGroup;
			children = (
				F1E1768E1B645F820061C905 /* CarHudTests.swift */,
				F1E1768C1B645F820061C905 /* Supporting Files */,
			);
			path = CarHudTests;
			sourceTree = "<group>";
		};
		F1E1768C1B645F820061C905 /* Supporting Files */ = {
			isa = PBXGroup;
			children = (
				F1E1768D1B645F820061C905 /* Info.plist */,
			);
			name = "Supporting Files";
			sourceTree = "<group>";
		};
		F1E176981B64DFCE0061C905 /* Views */ = {
			isa = PBXGroup;
			children = (
				F1E1769B1B64E0120061C905 /* CHGaugeView.swift */,
			);
			name = Views;
			sourceTree = "<group>";
		};
/* End PBXGroup section */

/* Begin PBXNativeTarget section */
		F1E176721B645F820061C905 /* CarHud */ = {
			isa = PBXNativeTarget;
			buildConfigurationList = F1E176921B645F830061C905 /* Build configuration list for PBXNativeTarget "CarHud" */;
			buildPhases = (
				F1E1766F1B645F820061C905 /* Sources */,
				F1E176701B645F820061C905 /* Frameworks */,
				F1E176711B645F820061C905 /* Resources */,
			);
			buildRules = (
			);
			dependencies = (
			);
			name = CarHud;
			productName = CarHud;
			productReference = F1E176731B645F820061C905 /* CarHud.app */;
			productType = "com.apple.product-type.application";
		};
		F1E176871B645F820061C905 /* CarHudTests */ = {
			isa = PBXNativeTarget;
			buildConfigurationList = F1E176951B645F830061C905 /* Build configuration list for PBXNativeTarget "CarHudTests" */;
			buildPhases = (
				F1E176841B645F820061C905 /* Sources */,
				F1E176851B645F820061C905 /* Frameworks */,
				F1E176861B645F820061C905 /* Resources */,
			);
			buildRules = (
			);
			dependencies = (
				F1E1768A1B645F820061C905 /* PBXTargetDependency */,
			);
			name = CarHudTests;
			productName = CarHudTests;
			productReference = F1E176881B645F820061C905 /* CarHudTests.xctest */;
			productType = "com.apple.product-type.bundle.unit-test";
		};
/* End PBXNativeTarget section */

/* Begin PBXProject section */
		F1E1766B1B645F820061C905 /* Project object */ = {
			isa = PBXProject;
			attributes = {
				CLASSPREFIX = CH;
				LastSwiftMigration = 0730;
				LastSwiftUpdateCheck = 0730;
				LastUpgradeCheck = 0640;
				ORGANIZATIONNAME = "Thorsten Kober";
				TargetAttributes = {
					F1E176721B645F820061C905 = {
						CreatedOnToolsVersion = 6.4;
					};
					F1E176871B645F820061C905 = {
						CreatedOnToolsVersion = 6.4;
						TestTargetID = F1E176721B645F820061C905;
					};
				};
			};
			buildConfigurationList = F1E1766E1B645F820061C905 /* Build configuration list for PBXProject "CarHud" */;
			compatibilityVersion = "Xcode 3.2";
			developmentRegion = English;
			hasScannedForEncodings = 0;
			knownRegions = (
				en,
				Base,
			);
			mainGroup = F1E1766A1B645F820061C905;
			productRefGroup = F1E176741B645F820061C905 /* Products */;
			projectDirPath = "";
			projectRoot = "";
			targets = (
				F1E176721B645F820061C905 /* CarHud */,
				F1E176871B645F820061C905 /* CarHudTests */,
			);
		};
/* End PBXProject section */

/* Begin PBXResourcesBuildPhase section */
		F1E176711B645F820061C905 /* Resources */ = {
			isa = PBXResourcesBuildPhase;
			buildActionMask = 2147483647;
			files = (
				F1E1767E1B645F820061C905 /* Main.storyboard in Resources */,
				F1E176831B645F820061C905 /* LaunchScreen.xib in Resources */,
				F1E176801B645F820061C905 /* Images.xcassets in Resources */,
			);
			runOnlyForDeploymentPostprocessing = 0;
		};
		F1E176861B645F820061C905 /* Resources */ = {
			isa = PBXResourcesBuildPhase;
			buildActionMask = 2147483647;
			files = (
			);
			runOnlyForDeploymentPostprocessing = 0;
		};
/* End PBXResourcesBuildPhase section */

/* Begin PBXSourcesBuildPhase section */
		F1E1766F1B645F820061C905 /* Sources */ = {
			isa = PBXSourcesBuildPhase;
			buildActionMask = 2147483647;
			files = (
				F1B9B2931B656D8B00856A00 /* CHFuelDisplayController.swift in Sources */,
				DC89D2B11B82007700C89C5E /* CHLookAhead.swift in Sources */,
				F1E176791B645F820061C905 /* AppDelegate.swift in Sources */,
				DC89D2B91B82064100C89C5E /* CHCarBridgeConnector.swift in Sources */,
				DC89D2B51B82031000C89C5E /* CHOBD2Parser.swift in Sources */,
				DC89D2B31B8200D600C89C5E /* CHScanner.swift in Sources */,
				F1B9B2861B656AF700856A00 /* CHSecondaryDisplayController.swift in Sources */,
				F1E1769C1B64E0120061C905 /* CHGaugeView.swift in Sources */,
				DCC067851D7DB2A200D5B4B3 /* CHBLEConnector.swift in Sources */,
				F1B9B2961B65703900856A00 /* CHSecondaryDisplay.swift in Sources */,
				DC89D2B71B8205C700C89C5E /* CHOBD2ParserRule.swift in Sources */,
				F1B9B28F1B656D7200856A00 /* CHPowerDisplayController.swift in Sources */,
				DC89D2BD1B821D4F00C89C5E /* CHOBD2.swift in Sources */,
				F1B9B28D1B656D5B00856A00 /* CHSpeedLimitDisplayController.swift in Sources */,
				F1B9B2911B656D7E00856A00 /* CHEngineDisplayController.swift in Sources */,
			);
			runOnlyForDeploymentPostprocessing = 0;
		};
		F1E176841B645F820061C905 /* Sources */ = {
			isa = PBXSourcesBuildPhase;
			buildActionMask = 2147483647;
			files = (
				F1E1768F1B645F820061C905 /* CarHudTests.swift in Sources */,
			);
			runOnlyForDeploymentPostprocessing = 0;
		};
/* End PBXSourcesBuildPhase section */

/* Begin PBXTargetDependency section */
		F1E1768A1B645F820061C905 /* PBXTargetDependency */ = {
			isa = PBXTargetDependency;
			target = F1E176721B645F820061C905 /* CarHud */;
			targetProxy = F1E176891B645F820061C905 /* PBXContainerItemProxy */;
		};
/* End PBXTargetDependency section */

/* Begin PBXVariantGroup section */
		F1E1767C1B645F820061C905 /* Main.storyboard */ = {
			isa = PBXVariantGroup;
			children = (
				F1E1767D1B645F820061C905 /* Base */,
			);
			name = Main.storyboard;
			sourceTree = "<group>";
		};
		F1E176811B645F820061C905 /* LaunchScreen.xib */ = {
			isa = PBXVariantGroup;
			children = (
				F1E176821B645F820061C905 /* Base */,
			);
			name = LaunchScreen.xib;
			sourceTree = "<group>";
		};
/* End PBXVariantGroup section */

/* Begin XCBuildConfiguration section */
		F1E176901B645F830061C905 /* Debug */ = {
			isa = XCBuildConfiguration;
			buildSettings = {
				ALWAYS_SEARCH_USER_PATHS = NO;
				CLANG_CXX_LANGUAGE_STANDARD = "gnu++0x";
				CLANG_CXX_LIBRARY = "libc++";
				CLANG_ENABLE_MODULES = YES;
				CLANG_ENABLE_OBJC_ARC = YES;
				CLANG_WARN_BOOL_CONVERSION = YES;
				CLANG_WARN_CONSTANT_CONVERSION = YES;
				CLANG_WARN_DIRECT_OBJC_ISA_USAGE = YES_ERROR;
				CLANG_WARN_EMPTY_BODY = YES;
				CLANG_WARN_ENUM_CONVERSION = YES;
				CLANG_WARN_INT_CONVERSION = YES;
				CLANG_WARN_OBJC_ROOT_CLASS = YES_ERROR;
				CLANG_WARN_UNREACHABLE_CODE = YES;
				CLANG_WARN__DUPLICATE_METHOD_MATCH = YES;
				"CODE_SIGN_IDENTITY[sdk=iphoneos*]" = "iPhone Developer";
				COPY_PHASE_STRIP = NO;
				DEBUG_INFORMATION_FORMAT = "dwarf-with-dsym";
				ENABLE_STRICT_OBJC_MSGSEND = YES;
				GCC_C_LANGUAGE_STANDARD = gnu99;
				GCC_DYNAMIC_NO_PIC = NO;
				GCC_NO_COMMON_BLOCKS = YES;
				GCC_OPTIMIZATION_LEVEL = 0;
				GCC_PREPROCESSOR_DEFINITIONS = (
					"DEBUG=1",
					"$(inherited)",
				);
				GCC_SYMBOLS_PRIVATE_EXTERN = NO;
				GCC_WARN_64_TO_32_BIT_CONVERSION = YES;
				GCC_WARN_ABOUT_RETURN_TYPE = YES_ERROR;
				GCC_WARN_UNDECLARED_SELECTOR = YES;
				GCC_WARN_UNINITIALIZED_AUTOS = YES_AGGRESSIVE;
				GCC_WARN_UNUSED_FUNCTION = YES;
				GCC_WARN_UNUSED_VARIABLE = YES;
				IPHONEOS_DEPLOYMENT_TARGET = 8.4;
				MTL_ENABLE_DEBUG_INFO = YES;
				ONLY_ACTIVE_ARCH = YES;
				SDKROOT = iphoneos;
				SWIFT_OPTIMIZATION_LEVEL = "-Onone";
			};
			name = Debug;
		};
		F1E176911B645F830061C905 /* Release */ = {
			isa = XCBuildConfiguration;
			buildSettings = {
				ALWAYS_SEARCH_USER_PATHS = NO;
				CLANG_CXX_LANGUAGE_STANDARD = "gnu++0x";
				CLANG_CXX_LIBRARY = "libc++";
				CLANG_ENABLE_MODULES = YES;
				CLANG_ENABLE_OBJC_ARC = YES;
				CLANG_WARN_BOOL_CONVERSION = YES;
				CLANG_WARN_CONSTANT_CONVERSION = YES;
				CLANG_WARN_DIRECT_OBJC_ISA_USAGE = YES_ERROR;
				CLANG_WARN_EMPTY_BODY = YES;
				CLANG_WARN_ENUM_CONVERSION = YES;
				CLANG_WARN_INT_CONVERSION = YES;
				CLANG_WARN_OBJC_ROOT_CLASS = YES_ERROR;
				CLANG_WARN_UNREACHABLE_CODE = YES;
				CLANG_WARN__DUPLICATE_METHOD_MATCH = YES;
				"CODE_SIGN_IDENTITY[sdk=iphoneos*]" = "iPhone Developer";
				COPY_PHASE_STRIP = NO;
				DEBUG_INFORMATION_FORMAT = "dwarf-with-dsym";
				ENABLE_NS_ASSERTIONS = NO;
				ENABLE_STRICT_OBJC_MSGSEND = YES;
				GCC_C_LANGUAGE_STANDARD = gnu99;
				GCC_NO_COMMON_BLOCKS = YES;
				GCC_WARN_64_TO_32_BIT_CONVERSION = YES;
				GCC_WARN_ABOUT_RETURN_TYPE = YES_ERROR;
				GCC_WARN_UNDECLARED_SELECTOR = YES;
				GCC_WARN_UNINITIALIZED_AUTOS = YES_AGGRESSIVE;
				GCC_WARN_UNUSED_FUNCTION = YES;
				GCC_WARN_UNUSED_VARIABLE = YES;
				IPHONEOS_DEPLOYMENT_TARGET = 8.4;
				MTL_ENABLE_DEBUG_INFO = NO;
				SDKROOT = iphoneos;
				VALIDATE_PRODUCT = YES;
			};
			name = Release;
		};
		F1E176931B645F830061C905 /* Debug */ = {
			isa = XCBuildConfiguration;
			buildSettings = {
				ASSETCATALOG_COMPILER_APPICON_NAME = AppIcon;
				CLANG_ENABLE_MODULES = YES;
				INFOPLIST_FILE = CarHud/Info.plist;
				LD_RUNPATH_SEARCH_PATHS = "$(inherited) @executable_path/Frameworks";
				PRODUCT_NAME = "$(TARGET_NAME)";
				SWIFT_OBJC_BRIDGING_HEADER = "CarHud/CarHud-Bridging-Header.h";
				SWIFT_OPTIMIZATION_LEVEL = "-Onone";
			};
			name = Debug;
		};
		F1E176941B645F830061C905 /* Release */ = {
			isa = XCBuildConfiguration;
			buildSettings = {
				ASSETCATALOG_COMPILER_APPICON_NAME = AppIcon;
				CLANG_ENABLE_MODULES = YES;
				INFOPLIST_FILE = CarHud/Info.plist;
				LD_RUNPATH_SEARCH_PATHS = "$(inherited) @executable_path/Frameworks";
				PRODUCT_NAME = "$(TARGET_NAME)";
				SWIFT_OBJC_BRIDGING_HEADER = "CarHud/CarHud-Bridging-Header.h";
			};
			name = Release;
		};
		F1E176961B645F830061C905 /* Debug */ = {
			isa = XCBuildConfiguration;
			buildSettings = {
				BUNDLE_LOADER = "$(TEST_HOST)";
				FRAMEWORK_SEARCH_PATHS = (
					"$(SDKROOT)/Developer/Library/Frameworks",
					"$(inherited)",
				);
				GCC_PREPROCESSOR_DEFINITIONS = (
					"DEBUG=1",
					"$(inherited)",
				);
				INFOPLIST_FILE = CarHudTests/Info.plist;
				LD_RUNPATH_SEARCH_PATHS = "$(inherited) @executable_path/Frameworks @loader_path/Frameworks";
				PRODUCT_NAME = "$(TARGET_NAME)";
				TEST_HOST = "$(BUILT_PRODUCTS_DIR)/CarHud.app/CarHud";
			};
			name = Debug;
		};
		F1E176971B645F830061C905 /* Release */ = {
			isa = XCBuildConfiguration;
			buildSettings = {
				BUNDLE_LOADER = "$(TEST_HOST)";
				FRAMEWORK_SEARCH_PATHS = (
					"$(SDKROOT)/Developer/Library/Frameworks",
					"$(inherited)",
				);
				INFOPLIST_FILE = CarHudTests/Info.plist;
				LD_RUNPATH_SEARCH_PATHS = "$(inherited) @executable_path/Frameworks @loader_path/Frameworks";
				PRODUCT_NAME = "$(TARGET_NAME)";
				TEST_HOST = "$(BUILT_PRODUCTS_DIR)/CarHud.app/CarHud";
			};
			name = Release;
		};
/* End XCBuildConfiguration section */

/* Begin XCConfigurationList section */
		F1E1766E1B645F820061C905 /* Build configuration list for PBXProject "CarHud" */ = {
			isa = XCConfigurationList;
			buildConfigurations = (
				F1E176901B645F830061C905 /* Debug */,
				F1E176911B645F830061C905 /* Release */,
			);
			defaultConfigurationIsVisible = 0;
			defaultConfigurationName = Release;
		};
		F1E176921B645F830061C905 /* Build configuration list for PBXNativeTarget "CarHud" */ = {
			isa = XCConfigurationList;
			buildConfigurations = (
				F1E176931B645F830061C905 /* Debug */,
				F1E176941B645F830061C905 /* Release */,
			);
			defaultConfigurationIsVisible = 0;
			defaultConfigurationName = Release;
		};
		F1E176951B645F830061C905 /* Build configuration list for PBXNativeTarget "CarHudTests" */ = {
			isa = XCConfigurationList;
			buildConfigurations = (
				F1E176961B645F830061C905 /* Debug */,
				F1E176971B645F830061C905 /* Release */,
			);
			defaultConfigurationIsVisible = 0;
			defaultConfigurationName = Release;
		};
/* End XCConfigurationList section */
	};
	rootObject = F1E1766B1B645F820061C905 /* Project object */;
}
