// !$*UTF8*$!
{
	archiveVersion = 1;
	classes = {
	};
	objectVersion = 46;
	objects = {

/* Begin PBXBuildFile section */
		F1B9B2861B656AF700856A00 /* CHSecondaryDisplayController.swift in Sources */ = {isa = PBXBuildFile; fileRef = F1B9B2851B656AF700856A00 /* CHSecondaryDisplayController.swift */; };
		F1B9B28D1B656D5B00856A00 /* CHSpeedLimitDisplayController.swift in Sources */ = {isa = PBXBuildFile; fileRef = F1B9B28C1B656D5B00856A00 /* CHSpeedLimitDisplayController.swift */; };
		F1B9B28F1B656D7200856A00 /* CHPowerDisplayController.swift in Sources */ = {isa = PBXBuildFile; fileRef = F1B9B28E1B656D7200856A00 /* CHPowerDisplayController.swift */; };
		F1B9B2911B656D7E00856A00 /* CHEngineDisplayController.swift in Sources */ = {isa = PBXBuildFile; fileRef = F1B9B2901B656D7E00856A00 /* CHEngineDisplayController.swift */; };
		F1B9B2931B656D8B00856A00 /* CHFuelDisplayController.swift in Sources */ = {isa = PBXBuildFile; fileRef = F1B9B2921B656D8B00856A00 /* CHFuelDisplayController.swift */; };
		F1B9B2961B65703900856A00 /* CHSecondaryDisplay.swift in Sources */ = {isa = PBXBuildFile; fileRef = F1B9B2951B65703900856A00 /* CHSecondaryDisplay.swift */; };
		F1E176791B645F820061C905 /* AppDelegate.swift in Sources */ = {isa = PBXBuildFile; fileRef = F1E176781B645F820061C905 /* AppDelegate.swift */; };
		F1E1767E1B645F820061C905 /* Main.storyboard in Resources */ = {isa = PBXBuildFile; fileRef = F1E1767C1B645F820061C905 /* Main.storyboard */; };
		F1E176801B645F820061C905 /* Images.xcassets in Resources */ = {isa = PBXBuildFile; fileRef = F1E1767F1B645F820061C905 /* Images.xcassets */; };
		F1E176831B645F820061C905 /* LaunchScreen.xib in Resources */ = {isa = PBXBuildFile; fileRef = F1E176811B645F820061C905 /* LaunchScreen.xib */; };
		F1E1768F1B645F820061C905 /* CarHudTests.swift in Sources */ = {isa = PBXBuildFile; fileRef = F1E1768E1B645F820061C905 /* CarHudTests.swift */; };
		F1E1769C1B64E0120061C905 /* CHGaugeView.swift in Sources */ = {isa = PBXBuildFile; fileRef = F1E1769B1B64E0120061C905 /* CHGaugeView.swift */; };
/* End PBXBuildFile section */

/* Begin PBXContainerItemProxy section */
		F1E176891B645F820061C905 /* PBXContainerItemProxy */ = {
			isa = PBXContainerItemProxy;
			containerPortal = F1E1766B1B645F820061C905 /* Project object */;
			proxyType = 1;
			remoteGlobalIDString = F1E176721B645F820061C905;
			remoteInfo = CarHud;
		};
/* End PBXContainerItemProxy section */

/* Begin PBXFileReference section */
		F1B9B2851B656AF700856A00 /* CHSecondaryDisplayController.swift */ = {isa = PBXFileReference; fileEncoding = 4; lastKnownFileType = sourcecode.swift; path = CHSecondaryDisplayController.swift; sourceTree = "<group>"; };
		F1B9B28C1B656D5B00856A00 /* CHSpeedLimitDisplayController.swift */ = {isa = PBXFileReference; fileEncoding = 4; lastKnownFileType = sourcecode.swift; path = CHSpeedLimitDisplayController.swift; sourceTree = "<group>"; };
		F1B9B28E1B656D7200856A00 /* CHPowerDisplayController.swift */ = {isa = PBXFileReference; fileEncoding = 4; lastKnownFileType = sourcecode.swift; path = CHPowerDisplayController.swift; sourceTree = "<group>"; };
		F1B9B2901B656D7E00856A00 /* CHEngineDisplayController.swift */ = {isa = PBXFileReference; fileEncoding = 4; lastKnownFileType = sourcecode.swift; path = CHEngineDisplayController.swift; sourceTree = "<group>"; };
		F1B9B2921B656D8B00856A00 /* CHFuelDisplayController.swift */ = {isa = PBXFileReference; fileEncoding = 4; lastKnownFileType = sourcecode.swift; path = CHFuelDisplayController.swift; sourceTree = "<group>"; };
		F1B9B2951B65703900856A00 /* CHSecondaryDisplay.swift */ = {isa = PBXFileReference; fileEncoding = 4; lastKnownFileType = sourcecode.swift; path = CHSecondaryDisplay.swift; sourceTree = "<group>"; };
		F1E176731B645F820061C905 /* CarHud.app */ = {isa = PBXFileReference; explicitFileType = wrapper.application; includeInIndex = 0; path = CarHud.app; sourceTree = BUILT_PRODUCTS_DIR; };
		F1E176771B645F820061C905 /* Info.plist */ = {isa = PBXFileReference; lastKnownFileType = text.plist.xml; path = Info.plist; sourceTree = "<group>"; };
		F1E176781B645F820061C905 /* AppDelegate.swift */ = {isa = PBXFileReference; lastKnownFileType = sourcecode.swift; path = AppDelegate.swift; sourceTree = "<group>"; };
		F1E1767D1B645F820061C905 /* Base */ = {isa = PBXFileReference; lastKnownFileType = file.storyboard; name = Base; path = Base.lproj/Main.storyboard; sourceTree = "<group>"; };
		F1E1767F1B645F820061C905 /* Images.xcassets */ = {isa = PBXFileReference; lastKnownFileType = folder.assetcatalog; path = Images.xcassets; sourceTree = "<group>"; };
		F1E176821B645F820061C905 /* Base */ = {isa = PBXFileReference; lastKnownFileType = file.xib; name = Base; path = Base.lproj/LaunchScreen.xib; sourceTree = "<group>"; };
		F1E176881B645F820061C905 /* CarHudTests.xctest */ = {isa = PBXFileReference; explicitFileType = wrapper.cfbundle; includeInIndex = 0; path = CarHudTests.xctest; sourceTree = BUILT_PRODUCTS_DIR; };
		F1E1768D1B645F820061C905 /* Info.plist */ = {isa = PBXFileReference; lastKnownFileType = text.plist.xml; path = Info.plist; sourceTree = "<group>"; };
		F1E1768E1B645F820061C905 /* CarHudTests.swift */ = {isa = PBXFileReference; lastKnownFileType = sourcecode.swift; path = CarHudTests.swift; sourceTree = "<group>"; };
		F1E1769B1B64E0120061C905 /* CHGaugeView.swift */ = {isa = PBXFileReference; fileEncoding = 4; lastKnownFileType = sourcecode.swift; path = CHGaugeView.swift; sourceTree = "<group>"; };
/* End PBXFileReference section */

/* Begin PBXFrameworksBuildPhase section */
		F1E176701B645F820061C905 /* Frameworks */ = {
			isa = PBXFrameworksBuildPhase;
			buildActionMask = 2147483647;
			files = (
			);
			runOnlyForDeploymentPostprocessing = 0;
		};
		F1E176851B645F820061C905 /* Frameworks */ = {
			isa = PBXFrameworksBuildPhase;
			buildActionMask = 2147483647;
			files = (
			);
			runOnlyForDeploymentPostprocessing = 0;
		};
/* End PBXFrameworksBuildPhase section */

/* Begin PBXGroup section */
		F1B9B2841B656AC200856A00 /* Controllers */ = {
			isa = PBXGroup;
			children = (
				F1B9B2871B656CC100856A00 /* SecondaryDisplays */,
			);
			name = Controllers;
			sourceTree = "<group>";
		};
		F1B9B2871B656CC100856A00 /* SecondaryDisplays */ = {
			isa = PBXGroup;
			children = (
				F1B9B2851B656AF700856A00 /* CHSecondaryDisplayController.swift */,
				F1B9B2941B656F9B00856A00 /* Displays */,
			);
			name = SecondaryDisplays;
			sourceTree = "<group>";
		};
		F1B9B2881B656CDB00856A00 /* FuelDisplay */ = {
			isa = PBXGroup;
			children = (
				F1B9B2921B656D8B00856A00 /* CHFuelDisplayController.swift */,
			);
			name = FuelDisplay;
			sourceTree = "<group>";
		};
		F1B9B2891B656CDE00856A00 /* EngineDisplay */ = {
			isa = PBXGroup;
			children = (
				F1B9B2901B656D7E00856A00 /* CHEngineDisplayController.swift */,
			);
			name = EngineDisplay;
			sourceTree = "<group>";
		};
		F1B9B28A1B656CE100856A00 /* PowerDisplay */ = {
			isa = PBXGroup;
			children = (
				F1B9B28E1B656D7200856A00 /* CHPowerDisplayController.swift */,
			);
			name = PowerDisplay;
			sourceTree = "<group>";
		};
		F1B9B28B1B656D2700856A00 /* SpeedLimitDisplay */ = {
			isa = PBXGroup;
			children = (
				F1B9B28C1B656D5B00856A00 /* CHSpeedLimitDisplayController.swift */,
			);
			name = SpeedLimitDisplay;
			sourceTree = "<group>";
		};
		F1B9B2941B656F9B00856A00 /* Displays */ = {
			isa = PBXGroup;
			children = (
				F1B9B2951B65703900856A00 /* CHSecondaryDisplay.swift */,
				F1B9B28B1B656D2700856A00 /* SpeedLimitDisplay */,
				F1B9B28A1B656CE100856A00 /* PowerDisplay */,
				F1B9B2891B656CDE00856A00 /* EngineDisplay */,
				F1B9B2881B656CDB00856A00 /* FuelDisplay */,
			);
			name = Displays;
			sourceTree = "<group>";
		};
		F1E1766A1B645F820061C905 = {
			isa = PBXGroup;
			children = (
				F1E176751B645F820061C905 /* CarHud */,
				F1E1768B1B645F820061C905 /* CarHudTests */,
				F1E176741B645F820061C905 /* Products */,
			);
			sourceTree = "<group>";
		};
		F1E176741B645F820061C905 /* Products */ = {
			isa = PBXGroup;
			children = (
				F1E176731B645F820061C905 /* CarHud.app */,
				F1E176881B645F820061C905 /* CarHudTests.xctest */,
			);
			name = Products;
			sourceTree = "<group>";
		};
		F1E176751B645F820061C905 /* CarHud */ = {
			isa = PBXGroup;
			children = (
				F1E176981B64DFCE0061C905 /* Views */,
				F1B9B2841B656AC200856A00 /* Controllers */,
				F1E176781B645F820061C905 /* AppDelegate.swift */,
				F1E1767C1B645F820061C905 /* Main.storyboard */,
				F1E1767F1B645F820061C905 /* Images.xcassets */,
				F1E176811B645F820061C905 /* LaunchScreen.xib */,
				F1E176761B645F820061C905 /* Supporting Files */,
			);
			path = CarHud;
			sourceTree = "<group>";
		};
		F1E176761B645F820061C905 /* Supporting Files */ = {
			isa = PBXGroup;
			children = (
				F1E176771B645F820061C905 /* Info.plist */,
			);
			name = "Supporting Files";
			sourceTree = "<group>";
		};
		F1E1768B1B645F820061C905 /* CarHudTests */ = {
			isa = PBXGroup;
			children = (
				F1E1768E1B645F820061C905 /* CarHudTests.swift */,
				F1E1768C1B645F820061C905 /* Supporting Files */,
			);
			path = CarHudTests;
			sourceTree = "<group>";
		};
		F1E1768C1B645F820061C905 /* Supporting Files */ = {
			isa = PBXGroup;
			children = (
				F1E1768D1B645F820061C905 /* Info.plist */,
			);
			name = "Supporting Files";
			sourceTree = "<group>";
		};
		F1E176981B64DFCE0061C905 /* Views */ = {
			isa = PBXGroup;
			children = (
				F1E1769B1B64E0120061C905 /* CHGaugeView.swift */,
			);
			name = Views;
			sourceTree = "<group>";
		};
/* End PBXGroup section */

/* Begin PBXNativeTarget section */
		F1E176721B645F820061C905 /* CarHud */ = {
			isa = PBXNativeTarget;
			buildConfigurationList = F1E176921B645F830061C905 /* Build configuration list for PBXNativeTarget "CarHud" */;
			buildPhases = (
				F1E1766F1B645F820061C905 /* Sources */,
				F1E176701B645F820061C905 /* Frameworks */,
				F1E176711B645F820061C905 /* Resources */,
			);
			buildRules = (
			);
			dependencies = (
			);
			name = CarHud;
			productName = CarHud;
			productReference = F1E176731B645F820061C905 /* CarHud.app */;
			productType = "com.apple.product-type.application";
		};
		F1E176871B645F820061C905 /* CarHudTests */ = {
			isa = PBXNativeTarget;
			buildConfigurationList = F1E176951B645F830061C905 /* Build configuration list for PBXNativeTarget "CarHudTests" */;
			buildPhases = (
				F1E176841B645F820061C905 /* Sources */,
				F1E176851B645F820061C905 /* Frameworks */,
				F1E176861B645F820061C905 /* Resources */,
			);
			buildRules = (
			);
			dependencies = (
				F1E1768A1B645F820061C905 /* PBXTargetDependency */,
			);
			name = CarHudTests;
			productName = CarHudTests;
			productReference = F1E176881B645F820061C905 /* CarHudTests.xctest */;
			productType = "com.apple.product-type.bundle.unit-test";
		};
/* End PBXNativeTarget section */

/* Begin PBXProject section */
		F1E1766B1B645F820061C905 /* Project object */ = {
			isa = PBXProject;
			attributes = {
				CLASSPREFIX = CH;
				LastUpgradeCheck = 0640;
				ORGANIZATIONNAME = "Thorsten Kober";
				TargetAttributes = {
					F1E176721B645F820061C905 = {
						CreatedOnToolsVersion = 6.4;
					};
					F1E176871B645F820061C905 = {
						CreatedOnToolsVersion = 6.4;
						TestTargetID = F1E176721B645F820061C905;
					};
				};
			};
			buildConfigurationList = F1E1766E1B645F820061C905 /* Build configuration list for PBXProject "CarHud" */;
			compatibilityVersion = "Xcode 3.2";
			developmentRegion = English;
			hasScannedForEncodings = 0;
			knownRegions = (
				en,
				Base,
			);
			mainGroup = F1E1766A1B645F820061C905;
			productRefGroup = F1E176741B645F820061C905 /* Products */;
			projectDirPath = "";
			projectRoot = "";
			targets = (
				F1E176721B645F820061C905 /* CarHud */,
				F1E176871B645F820061C905 /* CarHudTests */,
			);
		};
/* End PBXProject section */

/* Begin PBXResourcesBuildPhase section */
		F1E176711B645F820061C905 /* Resources */ = {
			isa = PBXResourcesBuildPhase;
			buildActionMask = 2147483647;
			files = (
				F1E1767E1B645F820061C905 /* Main.storyboard in Resources */,
				F1E176831B645F820061C905 /* LaunchScreen.xib in Resources */,
				F1E176801B645F820061C905 /* Images.xcassets in Resources */,
			);
			runOnlyForDeploymentPostprocessing = 0;
		};
		F1E176861B645F820061C905 /* Resources */ = {
			isa = PBXResourcesBuildPhase;
			buildActionMask = 2147483647;
			files = (
			);
			runOnlyForDeploymentPostprocessing = 0;
		};
/* End PBXResourcesBuildPhase section */

/* Begin PBXSourcesBuildPhase section */
		F1E1766F1B645F820061C905 /* Sources */ = {
			isa = PBXSourcesBuildPhase;
			buildActionMask = 2147483647;
			files = (
				F1B9B2931B656D8B00856A00 /* CHFuelDisplayController.swift in Sources */,
				F1E176791B645F820061C905 /* AppDelegate.swift in Sources */,
				F1B9B2861B656AF700856A00 /* CHSecondaryDisplayController.swift in Sources */,
				F1E1769C1B64E0120061C905 /* CHGaugeView.swift in Sources */,
				F1B9B2961B65703900856A00 /* CHSecondaryDisplay.swift in Sources */,
				F1B9B28F1B656D7200856A00 /* CHPowerDisplayController.swift in Sources */,
				F1B9B28D1B656D5B00856A00 /* CHSpeedLimitDisplayController.swift in Sources */,
				F1B9B2911B656D7E00856A00 /* CHEngineDisplayController.swift in Sources */,
			);
			runOnlyForDeploymentPostprocessing = 0;
		};
		F1E176841B645F820061C905 /* Sources */ = {
			isa = PBXSourcesBuildPhase;
			buildActionMask = 2147483647;
			files = (
				F1E1768F1B645F820061C905 /* CarHudTests.swift in Sources */,
			);
			runOnlyForDeploymentPostprocessing = 0;
		};
/* End PBXSourcesBuildPhase section */

/* Begin PBXTargetDependency section */
		F1E1768A1B645F820061C905 /* PBXTargetDependency */ = {
			isa = PBXTargetDependency;
			target = F1E176721B645F820061C905 /* CarHud */;
			targetProxy = F1E176891B645F820061C905 /* PBXContainerItemProxy */;
		};
/* End PBXTargetDependency section */

/* Begin PBXVariantGroup section */
		F1E1767C1B645F820061C905 /* Main.storyboard */ = {
			isa = PBXVariantGroup;
			children = (
				F1E1767D1B645F820061C905 /* Base */,
			);
			name = Main.storyboard;
			sourceTree = "<group>";
		};
		F1E176811B645F820061C905 /* LaunchScreen.xib */ = {
			isa = PBXVariantGroup;
			children = (
				F1E176821B645F820061C905 /* Base */,
			);
			name = LaunchScreen.xib;
			sourceTree = "<group>";
		};
/* End PBXVariantGroup section */

/* Begin XCBuildConfiguration section */
		F1E176901B645F830061C905 /* Debug */ = {
			isa = XCBuildConfiguration;
			buildSettings = {
				ALWAYS_SEARCH_USER_PATHS = NO;
				CLANG_CXX_LANGUAGE_STANDARD = "gnu++0x";
				CLANG_CXX_LIBRARY = "libc++";
				CLANG_ENABLE_MODULES = YES;
				CLANG_ENABLE_OBJC_ARC = YES;
				CLANG_WARN_BOOL_CONVERSION = YES;
				CLANG_WARN_CONSTANT_CONVERSION = YES;
				CLANG_WARN_DIRECT_OBJC_ISA_USAGE = YES_ERROR;
				CLANG_WARN_EMPTY_BODY = YES;
				CLANG_WARN_ENUM_CONVERSION = YES;
				CLANG_WARN_INT_CONVERSION = YES;
				CLANG_WARN_OBJC_ROOT_CLASS = YES_ERROR;
				CLANG_WARN_UNREACHABLE_CODE = YES;
				CLANG_WARN__DUPLICATE_METHOD_MATCH = YES;
				"CODE_SIGN_IDENTITY[sdk=iphoneos*]" = "iPhone Developer";
				COPY_PHASE_STRIP = NO;
				DEBUG_INFORMATION_FORMAT = "dwarf-with-dsym";
				ENABLE_STRICT_OBJC_MSGSEND = YES;
				GCC_C_LANGUAGE_STANDARD = gnu99;
				GCC_DYNAMIC_NO_PIC = NO;
				GCC_NO_COMMON_BLOCKS = YES;
				GCC_OPTIMIZATION_LEVEL = 0;
				GCC_PREPROCESSOR_DEFINITIONS = (
					"DEBUG=1",
					"$(inherited)",
				);
				GCC_SYMBOLS_PRIVATE_EXTERN = NO;
				GCC_WARN_64_TO_32_BIT_CONVERSION = YES;
				GCC_WARN_ABOUT_RETURN_TYPE = YES_ERROR;
				GCC_WARN_UNDECLARED_SELECTOR = YES;
				GCC_WARN_UNINITIALIZED_AUTOS = YES_AGGRESSIVE;
				GCC_WARN_UNUSED_FUNCTION = YES;
				GCC_WARN_UNUSED_VARIABLE = YES;
				IPHONEOS_DEPLOYMENT_TARGET = 8.4;
				MTL_ENABLE_DEBUG_INFO = YES;
				ONLY_ACTIVE_ARCH = YES;
				SDKROOT = iphoneos;
				SWIFT_OPTIMIZATION_LEVEL = "-Onone";
			};
			name = Debug;
		};
		F1E176911B645F830061C905 /* Release */ = {
			isa = XCBuildConfiguration;
			buildSettings = {
				ALWAYS_SEARCH_USER_PATHS = NO;
				CLANG_CXX_LANGUAGE_STANDARD = "gnu++0x";
				CLANG_CXX_LIBRARY = "libc++";
				CLANG_ENABLE_MODULES = YES;
				CLANG_ENABLE_OBJC_ARC = YES;
				CLANG_WARN_BOOL_CONVERSION = YES;
				CLANG_WARN_CONSTANT_CONVERSION = YES;
				CLANG_WARN_DIRECT_OBJC_ISA_USAGE = YES_ERROR;
				CLANG_WARN_EMPTY_BODY = YES;
				CLANG_WARN_ENUM_CONVERSION = YES;
				CLANG_WARN_INT_CONVERSION = YES;
				CLANG_WARN_OBJC_ROOT_CLASS = YES_ERROR;
				CLANG_WARN_UNREACHABLE_CODE = YES;
				CLANG_WARN__DUPLICATE_METHOD_MATCH = YES;
				"CODE_SIGN_IDENTITY[sdk=iphoneos*]" = "iPhone Developer";
				COPY_PHASE_STRIP = NO;
				DEBUG_INFORMATION_FORMAT = "dwarf-with-dsym";
				ENABLE_NS_ASSERTIONS = NO;
				ENABLE_STRICT_OBJC_MSGSEND = YES;
				GCC_C_LANGUAGE_STANDARD = gnu99;
				GCC_NO_COMMON_BLOCKS = YES;
				GCC_WARN_64_TO_32_BIT_CONVERSION = YES;
				GCC_WARN_ABOUT_RETURN_TYPE = YES_ERROR;
				GCC_WARN_UNDECLARED_SELECTOR = YES;
				GCC_WARN_UNINITIALIZED_AUTOS = YES_AGGRESSIVE;
				GCC_WARN_UNUSED_FUNCTION = YES;
				GCC_WARN_UNUSED_VARIABLE = YES;
				IPHONEOS_DEPLOYMENT_TARGET = 8.4;
				MTL_ENABLE_DEBUG_INFO = NO;
				SDKROOT = iphoneos;
				VALIDATE_PRODUCT = YES;
			};
			name = Release;
		};
		F1E176931B645F830061C905 /* Debug */ = {
			isa = XCBuildConfiguration;
			buildSettings = {
				ASSETCATALOG_COMPILER_APPICON_NAME = AppIcon;
				INFOPLIST_FILE = CarHud/Info.plist;
				LD_RUNPATH_SEARCH_PATHS = "$(inherited) @executable_path/Frameworks";
				PRODUCT_NAME = "$(TARGET_NAME)";
			};
			name = Debug;
		};
		F1E176941B645F830061C905 /* Release */ = {
			isa = XCBuildConfiguration;
			buildSettings = {
				ASSETCATALOG_COMPILER_APPICON_NAME = AppIcon;
				INFOPLIST_FILE = CarHud/Info.plist;
				LD_RUNPATH_SEARCH_PATHS = "$(inherited) @executable_path/Frameworks";
				PRODUCT_NAME = "$(TARGET_NAME)";
			};
			name = Release;
		};
		F1E176961B645F830061C905 /* Debug */ = {
			isa = XCBuildConfiguration;
			buildSettings = {
				BUNDLE_LOADER = "$(TEST_HOST)";
				FRAMEWORK_SEARCH_PATHS = (
					"$(SDKROOT)/Developer/Library/Frameworks",
					"$(inherited)",
				);
				GCC_PREPROCESSOR_DEFINITIONS = (
					"DEBUG=1",
					"$(inherited)",
				);
				INFOPLIST_FILE = CarHudTests/Info.plist;
				LD_RUNPATH_SEARCH_PATHS = "$(inherited) @executable_path/Frameworks @loader_path/Frameworks";
				PRODUCT_NAME = "$(TARGET_NAME)";
				TEST_HOST = "$(BUILT_PRODUCTS_DIR)/CarHud.app/CarHud";
			};
			name = Debug;
		};
		F1E176971B645F830061C905 /* Release */ = {
			isa = XCBuildConfiguration;
			buildSettings = {
				BUNDLE_LOADER = "$(TEST_HOST)";
				FRAMEWORK_SEARCH_PATHS = (
					"$(SDKROOT)/Developer/Library/Frameworks",
					"$(inherited)",
				);
				INFOPLIST_FILE = CarHudTests/Info.plist;
				LD_RUNPATH_SEARCH_PATHS = "$(inherited) @executable_path/Frameworks @loader_path/Frameworks";
				PRODUCT_NAME = "$(TARGET_NAME)";
				TEST_HOST = "$(BUILT_PRODUCTS_DIR)/CarHud.app/CarHud";
			};
			name = Release;
		};
/* End XCBuildConfiguration section */

/* Begin XCConfigurationList section */
		F1E1766E1B645F820061C905 /* Build configuration list for PBXProject "CarHud" */ = {
			isa = XCConfigurationList;
			buildConfigurations = (
				F1E176901B645F830061C905 /* Debug */,
				F1E176911B645F830061C905 /* Release */,
			);
			defaultConfigurationIsVisible = 0;
			defaultConfigurationName = Release;
		};
		F1E176921B645F830061C905 /* Build configuration list for PBXNativeTarget "CarHud" */ = {
			isa = XCConfigurationList;
			buildConfigurations = (
				F1E176931B645F830061C905 /* Debug */,
				F1E176941B645F830061C905 /* Release */,
			);
			defaultConfigurationIsVisible = 0;
			defaultConfigurationName = Release;
		};
		F1E176951B645F830061C905 /* Build configuration list for PBXNativeTarget "CarHudTests" */ = {
			isa = XCConfigurationList;
			buildConfigurations = (
				F1E176961B645F830061C905 /* Debug */,
				F1E176971B645F830061C905 /* Release */,
			);
			defaultConfigurationIsVisible = 0;
			defaultConfigurationName = Release;
		};
/* End XCConfigurationList section */
	};
	rootObject = F1E1766B1B645F820061C905 /* Project object */;
}
